
Microsoft Visual Studio Solution File, Format Version 12.00
# Visual Studio 15
VisualStudioVersion = 15.0.26124.0
MinimumVisualStudioVersion = 15.0.26124.0
Project("{FAE04EC0-301F-11D3-BF4B-00C04F79EFBC}") = "TlvParser", "TlvParser\TlvParser.csproj", "{61DC7D90-587C-49C2-857D-1A2204D1DDDD}"
EndProject
Project("{FAE04EC0-301F-11D3-BF4B-00C04F79EFBC}") = "TlvParser.Tests", "TlvParser.Tests\TlvParser.Tests.csproj", "{2D39A36F-5679-4422-B24B-AA764BE5C272}"
EndProject
Global
	GlobalSection(SolutionConfigurationPlatforms) = preSolution
		Debug|Any CPU = Debug|Any CPU
		Debug|x64 = Debug|x64
		Debug|x86 = Debug|x86
		Release|Any CPU = Release|Any CPU
		Release|x64 = Release|x64
		Release|x86 = Release|x86
	EndGlobalSection
	GlobalSection(SolutionProperties) = preSolution
		HideSolutionNode = FALSE
	EndGlobalSection
	GlobalSection(ProjectConfigurationPlatforms) = postSolution
		{61DC7D90-587C-49C2-857D-1A2204D1DDDD}.Debug|Any CPU.ActiveCfg = Debug|Any CPU
		{61DC7D90-587C-49C2-857D-1A2204D1DDDD}.Debug|Any CPU.Build.0 = Debug|Any CPU
		{61DC7D90-587C-49C2-857D-1A2204D1DDDD}.Debug|x64.ActiveCfg = Debug|Any CPU
		{61DC7D90-587C-49C2-857D-1A2204D1DDDD}.Debug|x64.Build.0 = Debug|Any CPU
		{61DC7D90-587C-49C2-857D-1A2204D1DDDD}.Debug|x86.ActiveCfg = Debug|Any CPU
		{61DC7D90-587C-49C2-857D-1A2204D1DDDD}.Debug|x86.Build.0 = Debug|Any CPU
		{61DC7D90-587C-49C2-857D-1A2204D1DDDD}.Release|Any CPU.ActiveCfg = Release|Any CPU
		{61DC7D90-587C-49C2-857D-1A2204D1DDDD}.Release|Any CPU.Build.0 = Release|Any CPU
		{61DC7D90-587C-49C2-857D-1A2204D1DDDD}.Release|x64.ActiveCfg = Release|Any CPU
		{61DC7D90-587C-49C2-857D-1A2204D1DDDD}.Release|x64.Build.0 = Release|Any CPU
		{61DC7D90-587C-49C2-857D-1A2204D1DDDD}.Release|x86.ActiveCfg = Release|Any CPU
		{61DC7D90-587C-49C2-857D-1A2204D1DDDD}.Release|x86.Build.0 = Release|Any CPU
		{2D39A36F-5679-4422-B24B-AA764BE5C272}.Debug|Any CPU.ActiveCfg = Debug|Any CPU
		{2D39A36F-5679-4422-B24B-AA764BE5C272}.Debug|Any CPU.Build.0 = Debug|Any CPU
		{2D39A36F-5679-4422-B24B-AA764BE5C272}.Debug|x64.ActiveCfg = Debug|Any CPU
		{2D39A36F-5679-4422-B24B-AA764BE5C272}.Debug|x64.Build.0 = Debug|Any CPU
		{2D39A36F-5679-4422-B24B-AA764BE5C272}.Debug|x86.ActiveCfg = Debug|Any CPU
		{2D39A36F-5679-4422-B24B-AA764BE5C272}.Debug|x86.Build.0 = Debug|Any CPU
		{2D39A36F-5679-4422-B24B-AA764BE5C272}.Release|Any CPU.ActiveCfg = Release|Any CPU
		{2D39A36F-5679-4422-B24B-AA764BE5C272}.Release|Any CPU.Build.0 = Release|Any CPU
		{2D39A36F-5679-4422-B24B-AA764BE5C272}.Release|x64.ActiveCfg = Release|Any CPU
		{2D39A36F-5679-4422-B24B-AA764BE5C272}.Release|x64.Build.0 = Release|Any CPU
		{2D39A36F-5679-4422-B24B-AA764BE5C272}.Release|x86.ActiveCfg = Release|Any CPU
		{2D39A36F-5679-4422-B24B-AA764BE5C272}.Release|x86.Build.0 = Release|Any CPU
	EndGlobalSection
EndGlobal
